
Microsoft Visual Studio Solution File, Format Version 12.00
# Visual Studio 15
Project("{FAE04EC0-301F-11D3-BF4B-00C04F79EFBC}") = "OperatorsExercise", "OperatorsExercise\OperatorsExercise.csproj", "{C183E2D7-A71D-4A5A-AD95-98FB95CF02F1}"
EndProject
Global
	GlobalSection(SolutionConfigurationPlatforms) = preSolution
		Debug|Any CPU = Debug|Any CPU
		Release|Any CPU = Release|Any CPU
	EndGlobalSection
	GlobalSection(ProjectConfigurationPlatforms) = postSolution
		{C183E2D7-A71D-4A5A-AD95-98FB95CF02F1}.Debug|Any CPU.ActiveCfg = Debug|Any CPU
		{C183E2D7-A71D-4A5A-AD95-98FB95CF02F1}.Debug|Any CPU.Build.0 = Debug|Any CPU
		{C183E2D7-A71D-4A5A-AD95-98FB95CF02F1}.Release|Any CPU.ActiveCfg = Release|Any CPU
		{C183E2D7-A71D-4A5A-AD95-98FB95CF02F1}.Release|Any CPU.Build.0 = Release|Any CPU
	EndGlobalSection
EndGlobal
